// !$*UTF8*$!
{
	archiveVersion = 1;
	classes = {
	};
	objectVersion = 46;
	objects = {

/* Begin PBXBuildFile section */
		183515A01D395AC6001E5441 /* Assets.xcassets in Resources */ = {isa = PBXBuildFile; fileRef = 1835159F1D395AC6001E5441 /* Assets.xcassets */; };
		183515A21D39619B001E5441 /* AddPokeViewController.swift in Sources */ = {isa = PBXBuildFile; fileRef = 183515A11D39619B001E5441 /* AddPokeViewController.swift */; };
		183515A61D397F6C001E5441 /* InfoViewController.swift in Sources */ = {isa = PBXBuildFile; fileRef = 183515A51D397F6C001E5441 /* InfoViewController.swift */; };
		183515A81D39811E001E5441 /* HelpViewController.swift in Sources */ = {isa = PBXBuildFile; fileRef = 183515A71D39811E001E5441 /* HelpViewController.swift */; };
		18712E081D3951810057D8C9 /* AppDelegate.swift in Sources */ = {isa = PBXBuildFile; fileRef = 18712E071D3951810057D8C9 /* AppDelegate.swift */; };
		18712E0A1D3951810057D8C9 /* ViewController.swift in Sources */ = {isa = PBXBuildFile; fileRef = 18712E091D3951810057D8C9 /* ViewController.swift */; };
		18712E0D1D3951810057D8C9 /* Map.storyboard in Resources */ = {isa = PBXBuildFile; fileRef = 18712E0B1D3951810057D8C9 /* Map.storyboard */; };
		18712E121D3951810057D8C9 /* LaunchScreen.storyboard in Resources */ = {isa = PBXBuildFile; fileRef = 18712E101D3951810057D8C9 /* LaunchScreen.storyboard */; };
		18712E1A1D3952AA0057D8C9 /* GoogleService-Info.plist in Resources */ = {isa = PBXBuildFile; fileRef = 18712E191D3952AA0057D8C9 /* GoogleService-Info.plist */; };
		18712E1C1D3953420057D8C9 /* MapKit.framework in Frameworks */ = {isa = PBXBuildFile; fileRef = 18712E1B1D3953420057D8C9 /* MapKit.framework */; };
		73041D3C4BB31AE8DEBCA485 /* Pods_Poke_mon_F.framework in Frameworks */ = {isa = PBXBuildFile; fileRef = 5DE8156CD6C36414DF680C40 /* Pods_Poke_mon_F.framework */; };
/* End PBXBuildFile section */

/* Begin PBXFileReference section */
		1835159F1D395AC6001E5441 /* Assets.xcassets */ = {isa = PBXFileReference; lastKnownFileType = folder.assetcatalog; path = Assets.xcassets; sourceTree = "<group>"; };
		183515A11D39619B001E5441 /* AddPokeViewController.swift */ = {isa = PBXFileReference; fileEncoding = 4; lastKnownFileType = sourcecode.swift; path = AddPokeViewController.swift; sourceTree = "<group>"; };
		183515A51D397F6C001E5441 /* InfoViewController.swift */ = {isa = PBXFileReference; fileEncoding = 4; lastKnownFileType = sourcecode.swift; path = InfoViewController.swift; sourceTree = "<group>"; };
		183515A71D39811E001E5441 /* HelpViewController.swift */ = {isa = PBXFileReference; fileEncoding = 4; lastKnownFileType = sourcecode.swift; path = HelpViewController.swift; sourceTree = "<group>"; };
		18712E041D3951810057D8C9 /* PokéFinder.app */ = {isa = PBXFileReference; explicitFileType = wrapper.application; includeInIndex = 0; path = "PokéFinder.app"; sourceTree = BUILT_PRODUCTS_DIR; };
		18712E071D3951810057D8C9 /* AppDelegate.swift */ = {isa = PBXFileReference; lastKnownFileType = sourcecode.swift; path = AppDelegate.swift; sourceTree = "<group>"; };
		18712E091D3951810057D8C9 /* ViewController.swift */ = {isa = PBXFileReference; lastKnownFileType = sourcecode.swift; path = ViewController.swift; sourceTree = "<group>"; };
		18712E0C1D3951810057D8C9 /* Base */ = {isa = PBXFileReference; lastKnownFileType = file.storyboard; name = Base; path = Base.lproj/Map.storyboard; sourceTree = "<group>"; };
		18712E111D3951810057D8C9 /* Base */ = {isa = PBXFileReference; lastKnownFileType = file.storyboard; name = Base; path = Base.lproj/LaunchScreen.storyboard; sourceTree = "<group>"; };
		18712E131D3951810057D8C9 /* Info.plist */ = {isa = PBXFileReference; lastKnownFileType = text.plist.xml; path = Info.plist; sourceTree = "<group>"; };
		18712E191D3952AA0057D8C9 /* GoogleService-Info.plist */ = {isa = PBXFileReference; fileEncoding = 4; lastKnownFileType = text.plist.xml; path = "GoogleService-Info.plist"; sourceTree = "<group>"; };
		18712E1B1D3953420057D8C9 /* MapKit.framework */ = {isa = PBXFileReference; lastKnownFileType = wrapper.framework; name = MapKit.framework; path = System/Library/Frameworks/MapKit.framework; sourceTree = SDKROOT; };
		4C407E0257237B593817ACD7 /* Pods-Pokémon F.release.xcconfig */ = {isa = PBXFileReference; includeInIndex = 1; lastKnownFileType = text.xcconfig; name = "Pods-Pokémon F.release.xcconfig"; path = "Pods/Target Support Files/Pods-Pokémon F/Pods-Pokémon F.release.xcconfig"; sourceTree = "<group>"; };
		5DE8156CD6C36414DF680C40 /* Pods_Poke_mon_F.framework */ = {isa = PBXFileReference; explicitFileType = wrapper.framework; includeInIndex = 0; path = Pods_Poke_mon_F.framework; sourceTree = BUILT_PRODUCTS_DIR; };
		BA50EA6639BCCC6B3DAE627B /* Pods-Pokémon F.debug.xcconfig */ = {isa = PBXFileReference; includeInIndex = 1; lastKnownFileType = text.xcconfig; name = "Pods-Pokémon F.debug.xcconfig"; path = "Pods/Target Support Files/Pods-Pokémon F/Pods-Pokémon F.debug.xcconfig"; sourceTree = "<group>"; };
/* End PBXFileReference section */

/* Begin PBXFrameworksBuildPhase section */
		18712E011D3951810057D8C9 /* Frameworks */ = {
			isa = PBXFrameworksBuildPhase;
			buildActionMask = 2147483647;
			files = (
				18712E1C1D3953420057D8C9 /* MapKit.framework in Frameworks */,
				73041D3C4BB31AE8DEBCA485 /* Pods_Poke_mon_F.framework in Frameworks */,
			);
			runOnlyForDeploymentPostprocessing = 0;
		};
/* End PBXFrameworksBuildPhase section */

/* Begin PBXGroup section */
		11A5E19E0E21AF8E8B95722F /* Pods */ = {
			isa = PBXGroup;
			children = (
				BA50EA6639BCCC6B3DAE627B /* Pods-Pokémon F.debug.xcconfig */,
				4C407E0257237B593817ACD7 /* Pods-Pokémon F.release.xcconfig */,
			);
			name = Pods;
			sourceTree = "<group>";
		};
		18712DFB1D3951810057D8C9 = {
			isa = PBXGroup;
			children = (
				18712E1B1D3953420057D8C9 /* MapKit.framework */,
				18712E061D3951810057D8C9 /* Pokémon Finder */,
				18712E051D3951810057D8C9 /* Products */,
				11A5E19E0E21AF8E8B95722F /* Pods */,
				3A104B1A0929B57A8B27E8E9 /* Frameworks */,
			);
			sourceTree = "<group>";
		};
		18712E051D3951810057D8C9 /* Products */ = {
			isa = PBXGroup;
			children = (
				18712E041D3951810057D8C9 /* PokéFinder.app */,
			);
			name = Products;
			sourceTree = "<group>";
		};
		18712E061D3951810057D8C9 /* Pokémon Finder */ = {
			isa = PBXGroup;
			children = (
				18712E071D3951810057D8C9 /* AppDelegate.swift */,
				18712E091D3951810057D8C9 /* ViewController.swift */,
				183515A51D397F6C001E5441 /* InfoViewController.swift */,
				18712E0B1D3951810057D8C9 /* Map.storyboard */,
				183515A71D39811E001E5441 /* HelpViewController.swift */,
				183515A11D39619B001E5441 /* AddPokeViewController.swift */,
				18712E101D3951810057D8C9 /* LaunchScreen.storyboard */,
				18712E191D3952AA0057D8C9 /* GoogleService-Info.plist */,
				18712E131D3951810057D8C9 /* Info.plist */,
				1835159F1D395AC6001E5441 /* Assets.xcassets */,
			);
			path = "Pokémon Finder";
			sourceTree = "<group>";
		};
		3A104B1A0929B57A8B27E8E9 /* Frameworks */ = {
			isa = PBXGroup;
			children = (
				5DE8156CD6C36414DF680C40 /* Pods_Poke_mon_F.framework */,
			);
			name = Frameworks;
			sourceTree = "<group>";
		};
/* End PBXGroup section */

/* Begin PBXNativeTarget section */
		18712E031D3951810057D8C9 /* PokéFinder */ = {
			isa = PBXNativeTarget;
			buildConfigurationList = 18712E161D3951810057D8C9 /* Build configuration list for PBXNativeTarget "PokéFinder" */;
			buildPhases = (
				8A035B7F3649EB3E5046D41A /* [CP] Check Pods Manifest.lock */,
				18712E001D3951810057D8C9 /* Sources */,
				18712E011D3951810057D8C9 /* Frameworks */,
				18712E021D3951810057D8C9 /* Resources */,
				CC9A4DB007715C9EAC947780 /* [CP] Embed Pods Frameworks */,
				1B462E18A7AA70FFB03D27B0 /* [CP] Copy Pods Resources */,
			);
			buildRules = (
			);
			dependencies = (
			);
			name = "PokéFinder";
			productName = "Pokémon Finder";
			productReference = 18712E041D3951810057D8C9 /* PokéFinder.app */;
			productType = "com.apple.product-type.application";
		};
/* End PBXNativeTarget section */

/* Begin PBXProject section */
		18712DFC1D3951810057D8C9 /* Project object */ = {
			isa = PBXProject;
			attributes = {
				LastSwiftUpdateCheck = 0730;
				LastUpgradeCheck = 0730;
				ORGANIZATIONNAME = "Mohamed Ayadi";
				TargetAttributes = {
					18712E031D3951810057D8C9 = {
						CreatedOnToolsVersion = 7.3.1;
						SystemCapabilities = {
							com.apple.BackgroundModes = {
								enabled = 0;
							};
						};
					};
				};
			};
			buildConfigurationList = 18712DFF1D3951810057D8C9 /* Build configuration list for PBXProject "Pokémon Finder" */;
			compatibilityVersion = "Xcode 3.2";
			developmentRegion = English;
			hasScannedForEncodings = 0;
			knownRegions = (
				en,
				Base,
			);
			mainGroup = 18712DFB1D3951810057D8C9;
			productRefGroup = 18712E051D3951810057D8C9 /* Products */;
			projectDirPath = "";
			projectRoot = "";
			targets = (
				18712E031D3951810057D8C9 /* PokéFinder */,
			);
		};
/* End PBXProject section */

/* Begin PBXResourcesBuildPhase section */
		18712E021D3951810057D8C9 /* Resources */ = {
			isa = PBXResourcesBuildPhase;
			buildActionMask = 2147483647;
			files = (
				18712E121D3951810057D8C9 /* LaunchScreen.storyboard in Resources */,
				18712E1A1D3952AA0057D8C9 /* GoogleService-Info.plist in Resources */,
				183515A01D395AC6001E5441 /* Assets.xcassets in Resources */,
				18712E0D1D3951810057D8C9 /* Map.storyboard in Resources */,
			);
			runOnlyForDeploymentPostprocessing = 0;
		};
/* End PBXResourcesBuildPhase section */

/* Begin PBXShellScriptBuildPhase section */
		1B462E18A7AA70FFB03D27B0 /* [CP] Copy Pods Resources */ = {
			isa = PBXShellScriptBuildPhase;
			buildActionMask = 2147483647;
			files = (
			);
			inputPaths = (
			);
			name = "[CP] Copy Pods Resources";
			outputPaths = (
			);
			runOnlyForDeploymentPostprocessing = 0;
			shellPath = /bin/sh;
			shellScript = "\"${SRCROOT}/Pods/Target Support Files/Pods-Pokémon F/Pods-Pokémon F-resources.sh\"\n";
			showEnvVarsInLog = 0;
		};
		8A035B7F3649EB3E5046D41A /* [CP] Check Pods Manifest.lock */ = {
			isa = PBXShellScriptBuildPhase;
			buildActionMask = 2147483647;
			files = (
			);
			inputPaths = (
			);
			name = "[CP] Check Pods Manifest.lock";
			outputPaths = (
			);
			runOnlyForDeploymentPostprocessing = 0;
			shellPath = /bin/sh;
			shellScript = "diff \"${PODS_ROOT}/../Podfile.lock\" \"${PODS_ROOT}/Manifest.lock\" > /dev/null\nif [[ $? != 0 ]] ; then\n    cat << EOM\nerror: The sandbox is not in sync with the Podfile.lock. Run 'pod install' or update your CocoaPods installation.\nEOM\n    exit 1\nfi\n";
			showEnvVarsInLog = 0;
		};
		CC9A4DB007715C9EAC947780 /* [CP] Embed Pods Frameworks */ = {
			isa = PBXShellScriptBuildPhase;
			buildActionMask = 2147483647;
			files = (
			);
			inputPaths = (
			);
			name = "[CP] Embed Pods Frameworks";
			outputPaths = (
			);
			runOnlyForDeploymentPostprocessing = 0;
			shellPath = /bin/sh;
			shellScript = "\"${SRCROOT}/Pods/Target Support Files/Pods-Pokémon F/Pods-Pokémon F-frameworks.sh\"\n";
			showEnvVarsInLog = 0;
		};
/* End PBXShellScriptBuildPhase section */

/* Begin PBXSourcesBuildPhase section */
		18712E001D3951810057D8C9 /* Sources */ = {
			isa = PBXSourcesBuildPhase;
			buildActionMask = 2147483647;
			files = (
				183515A21D39619B001E5441 /* AddPokeViewController.swift in Sources */,
				18712E0A1D3951810057D8C9 /* ViewController.swift in Sources */,
				183515A61D397F6C001E5441 /* InfoViewController.swift in Sources */,
				18712E081D3951810057D8C9 /* AppDelegate.swift in Sources */,
				183515A81D39811E001E5441 /* HelpViewController.swift in Sources */,
			);
			runOnlyForDeploymentPostprocessing = 0;
		};
/* End PBXSourcesBuildPhase section */

/* Begin PBXVariantGroup section */
		18712E0B1D3951810057D8C9 /* Map.storyboard */ = {
			isa = PBXVariantGroup;
			children = (
				18712E0C1D3951810057D8C9 /* Base */,
			);
			name = Map.storyboard;
			sourceTree = "<group>";
		};
		18712E101D3951810057D8C9 /* LaunchScreen.storyboard */ = {
			isa = PBXVariantGroup;
			children = (
				18712E111D3951810057D8C9 /* Base */,
			);
			name = LaunchScreen.storyboard;
			sourceTree = "<group>";
		};
/* End PBXVariantGroup section */

/* Begin XCBuildConfiguration section */
		18712E141D3951810057D8C9 /* Debug */ = {
			isa = XCBuildConfiguration;
			buildSettings = {
				ALWAYS_SEARCH_USER_PATHS = NO;
				CLANG_ANALYZER_NONNULL = YES;
				CLANG_CXX_LANGUAGE_STANDARD = "gnu++0x";
				CLANG_CXX_LIBRARY = "libc++";
				CLANG_ENABLE_MODULES = YES;
				CLANG_ENABLE_OBJC_ARC = YES;
				CLANG_WARN_BOOL_CONVERSION = YES;
				CLANG_WARN_CONSTANT_CONVERSION = YES;
				CLANG_WARN_DIRECT_OBJC_ISA_USAGE = YES_ERROR;
				CLANG_WARN_EMPTY_BODY = YES;
				CLANG_WARN_ENUM_CONVERSION = YES;
				CLANG_WARN_INT_CONVERSION = YES;
				CLANG_WARN_OBJC_ROOT_CLASS = YES_ERROR;
				CLANG_WARN_UNREACHABLE_CODE = YES;
				CLANG_WARN__DUPLICATE_METHOD_MATCH = YES;
				"CODE_SIGN_IDENTITY[sdk=iphoneos*]" = "iPhone Developer";
				COPY_PHASE_STRIP = NO;
				DEBUG_INFORMATION_FORMAT = dwarf;
				ENABLE_STRICT_OBJC_MSGSEND = YES;
				ENABLE_TESTABILITY = YES;
				GCC_C_LANGUAGE_STANDARD = gnu99;
				GCC_DYNAMIC_NO_PIC = NO;
				GCC_NO_COMMON_BLOCKS = YES;
				GCC_OPTIMIZATION_LEVEL = 0;
				GCC_PREPROCESSOR_DEFINITIONS = (
					"DEBUG=1",
					"$(inherited)",
				);
				GCC_WARN_64_TO_32_BIT_CONVERSION = YES;
				GCC_WARN_ABOUT_RETURN_TYPE = YES_ERROR;
				GCC_WARN_UNDECLARED_SELECTOR = YES;
				GCC_WARN_UNINITIALIZED_AUTOS = YES_AGGRESSIVE;
				GCC_WARN_UNUSED_FUNCTION = YES;
				GCC_WARN_UNUSED_VARIABLE = YES;
				IPHONEOS_DEPLOYMENT_TARGET = 9.3;
				MTL_ENABLE_DEBUG_INFO = YES;
				ONLY_ACTIVE_ARCH = YES;
				SDKROOT = iphoneos;
				SWIFT_OPTIMIZATION_LEVEL = "-Onone";
			};
			name = Debug;
		};
		18712E151D3951810057D8C9 /* Release */ = {
			isa = XCBuildConfiguration;
			buildSettings = {
				ALWAYS_SEARCH_USER_PATHS = NO;
				CLANG_ANALYZER_NONNULL = YES;
				CLANG_CXX_LANGUAGE_STANDARD = "gnu++0x";
				CLANG_CXX_LIBRARY = "libc++";
				CLANG_ENABLE_MODULES = YES;
				CLANG_ENABLE_OBJC_ARC = YES;
				CLANG_WARN_BOOL_CONVERSION = YES;
				CLANG_WARN_CONSTANT_CONVERSION = YES;
				CLANG_WARN_DIRECT_OBJC_ISA_USAGE = YES_ERROR;
				CLANG_WARN_EMPTY_BODY = YES;
				CLANG_WARN_ENUM_CONVERSION = YES;
				CLANG_WARN_INT_CONVERSION = YES;
				CLANG_WARN_OBJC_ROOT_CLASS = YES_ERROR;
				CLANG_WARN_UNREACHABLE_CODE = YES;
				CLANG_WARN__DUPLICATE_METHOD_MATCH = YES;
				"CODE_SIGN_IDENTITY[sdk=iphoneos*]" = "iPhone Developer";
				COPY_PHASE_STRIP = NO;
				DEBUG_INFORMATION_FORMAT = "dwarf-with-dsym";
				ENABLE_NS_ASSERTIONS = NO;
				ENABLE_STRICT_OBJC_MSGSEND = YES;
				GCC_C_LANGUAGE_STANDARD = gnu99;
				GCC_NO_COMMON_BLOCKS = YES;
				GCC_WARN_64_TO_32_BIT_CONVERSION = YES;
				GCC_WARN_ABOUT_RETURN_TYPE = YES_ERROR;
				GCC_WARN_UNDECLARED_SELECTOR = YES;
				GCC_WARN_UNINITIALIZED_AUTOS = YES_AGGRESSIVE;
				GCC_WARN_UNUSED_FUNCTION = YES;
				GCC_WARN_UNUSED_VARIABLE = YES;
				IPHONEOS_DEPLOYMENT_TARGET = 9.3;
				MTL_ENABLE_DEBUG_INFO = NO;
				SDKROOT = iphoneos;
				VALIDATE_PRODUCT = YES;
			};
			name = Release;
		};
		18712E171D3951810057D8C9 /* Debug */ = {
			isa = XCBuildConfiguration;
			baseConfigurationReference = BA50EA6639BCCC6B3DAE627B /* Pods-Pokémon F.debug.xcconfig */;
			buildSettings = {
				ASSETCATALOG_COMPILER_APPICON_NAME = AppIcon;
				CODE_SIGN_IDENTITY = "iPhone Developer";
				INFOPLIST_FILE = "Pokémon Finder/Info.plist";
				IPHONEOS_DEPLOYMENT_TARGET = 8.0;
				LD_RUNPATH_SEARCH_PATHS = "$(inherited) @executable_path/Frameworks";
				PRODUCT_BUNDLE_IDENTIFIER = "com.ayadios.Poke-mon-Finder";
				PRODUCT_NAME = "$(TARGET_NAME)";
				TARGETED_DEVICE_FAMILY = "1,2";
			};
			name = Debug;
		};
		18712E181D3951810057D8C9 /* Release */ = {
			isa = XCBuildConfiguration;
			baseConfigurationReference = 4C407E0257237B593817ACD7 /* Pods-Pokémon F.release.xcconfig */;
			buildSettings = {
				ASSETCATALOG_COMPILER_APPICON_NAME = AppIcon;
				CODE_SIGN_IDENTITY = "iPhone Developer";
				INFOPLIST_FILE = "Pokémon Finder/Info.plist";
				IPHONEOS_DEPLOYMENT_TARGET = 8.0;
				LD_RUNPATH_SEARCH_PATHS = "$(inherited) @executable_path/Frameworks";
				PRODUCT_BUNDLE_IDENTIFIER = "com.ayadios.Poke-mon-Finder";
				PRODUCT_NAME = "$(TARGET_NAME)";
				TARGETED_DEVICE_FAMILY = "1,2";
			};
			name = Release;
		};
/* End XCBuildConfiguration section */

/* Begin XCConfigurationList section */
		18712DFF1D3951810057D8C9 /* Build configuration list for PBXProject "Pokémon Finder" */ = {
			isa = XCConfigurationList;
			buildConfigurations = (
				18712E141D3951810057D8C9 /* Debug */,
				18712E151D3951810057D8C9 /* Release */,
			);
			defaultConfigurationIsVisible = 0;
			defaultConfigurationName = Release;
		};
		18712E161D3951810057D8C9 /* Build configuration list for PBXNativeTarget "PokéFinder" */ = {
			isa = XCConfigurationList;
			buildConfigurations = (
				18712E171D3951810057D8C9 /* Debug */,
				18712E181D3951810057D8C9 /* Release */,
			);
			defaultConfigurationIsVisible = 0;
			defaultConfigurationName = Release;
		};
/* End XCConfigurationList section */
	};
	rootObject = 18712DFC1D3951810057D8C9 /* Project object */;
}
